
Microsoft Visual Studio Solution File, Format Version 12.00
# Visual Studio 15
VisualStudioVersion = 15.0.28010.2041
MinimumVisualStudioVersion = 10.0.40219.1
Project("{2150E333-8FDC-42A3-9474-1A3956D46DE8}") = "Solution Items", "Solution Items", "{F1BACB91-4249-4C0D-BF50-A74C4ACCED78}"
	ProjectSection(SolutionItems) = preProject
		.editorconfig = .editorconfig
		ReadMe.md = ReadMe.md
	EndProjectSection
EndProject
Project("{9A19103F-16F7-4668-BE54-9A1E7A4F7556}") = "HrisEsExampleApiHost", "HrisEsExampleApiHost\HrisEsExampleApiHost.csproj", "{EFFE1B04-F1DB-4242-BD24-708D2413915F}"
EndProject
Project("{9A19103F-16F7-4668-BE54-9A1E7A4F7556}") = "HrisEsExampleApiHost.Tests", "HrisEsExampleApiHost.Tests\HrisEsExampleApiHost.Tests.csproj", "{A37FCC22-FC20-4268-AA81-DFD6C5DC9524}"
EndProject
Project("{9A19103F-16F7-4668-BE54-9A1E7A4F7556}") = "EmployeeBenefitsLibrary", "EmployeeBenefitsLibrary\EmployeeBenefitsLibrary.csproj", "{31381002-DA2D-4773-B780-C6819C7C25B7}"
EndProject
Project("{9A19103F-16F7-4668-BE54-9A1E7A4F7556}") = "EmployeeBenefitsLibrary.Tests", "EmployeeBenefitsLibrary.Tests\EmployeeBenefitsLibrary.Tests.csproj", "{63B2BB60-E1A1-4D79-AC4B-9DC584D09AD6}"
EndProject
Project("{9A19103F-16F7-4668-BE54-9A1E7A4F7556}") = "EventStoreIntegration", "EventStoreIntegration\EventStoreIntegration.csproj", "{B4A97693-FA89-47DE-A086-E26384F75987}"
EndProject
Project("{9A19103F-16F7-4668-BE54-9A1E7A4F7556}") = "EventStoreIntegration.Tests", "EventStoreIntegration.Tests\EventStoreIntegration.Tests.csproj", "{C78F6063-4ADB-470D-B304-81A40C4FD608}"
EndProject
Project("{FAE04EC0-301F-11D3-BF4B-00C04F79EFBC}") = "EmployeesMonitor", "EmployeesMonitor\EmployeesMonitor.csproj", "{BB6AE1CE-EFAD-4316-BD34-B4BCD196EA66}"
EndProject
Global
	GlobalSection(SolutionConfigurationPlatforms) = preSolution
		Debug|Any CPU = Debug|Any CPU
		Release|Any CPU = Release|Any CPU
	EndGlobalSection
	GlobalSection(ProjectConfigurationPlatforms) = postSolution
		{EFFE1B04-F1DB-4242-BD24-708D2413915F}.Debug|Any CPU.ActiveCfg = Debug|Any CPU
		{EFFE1B04-F1DB-4242-BD24-708D2413915F}.Debug|Any CPU.Build.0 = Debug|Any CPU
		{EFFE1B04-F1DB-4242-BD24-708D2413915F}.Release|Any CPU.ActiveCfg = Release|Any CPU
		{EFFE1B04-F1DB-4242-BD24-708D2413915F}.Release|Any CPU.Build.0 = Release|Any CPU
		{A37FCC22-FC20-4268-AA81-DFD6C5DC9524}.Debug|Any CPU.ActiveCfg = Debug|Any CPU
		{A37FCC22-FC20-4268-AA81-DFD6C5DC9524}.Debug|Any CPU.Build.0 = Debug|Any CPU
		{A37FCC22-FC20-4268-AA81-DFD6C5DC9524}.Release|Any CPU.ActiveCfg = Release|Any CPU
		{A37FCC22-FC20-4268-AA81-DFD6C5DC9524}.Release|Any CPU.Build.0 = Release|Any CPU
		{31381002-DA2D-4773-B780-C6819C7C25B7}.Debug|Any CPU.ActiveCfg = Debug|Any CPU
		{31381002-DA2D-4773-B780-C6819C7C25B7}.Debug|Any CPU.Build.0 = Debug|Any CPU
		{31381002-DA2D-4773-B780-C6819C7C25B7}.Release|Any CPU.ActiveCfg = Release|Any CPU
		{31381002-DA2D-4773-B780-C6819C7C25B7}.Release|Any CPU.Build.0 = Release|Any CPU
		{63B2BB60-E1A1-4D79-AC4B-9DC584D09AD6}.Debug|Any CPU.ActiveCfg = Debug|Any CPU
		{63B2BB60-E1A1-4D79-AC4B-9DC584D09AD6}.Debug|Any CPU.Build.0 = Debug|Any CPU
		{63B2BB60-E1A1-4D79-AC4B-9DC584D09AD6}.Release|Any CPU.ActiveCfg = Release|Any CPU
		{63B2BB60-E1A1-4D79-AC4B-9DC584D09AD6}.Release|Any CPU.Build.0 = Release|Any CPU
		{B4A97693-FA89-47DE-A086-E26384F75987}.Debug|Any CPU.ActiveCfg = Debug|Any CPU
		{B4A97693-FA89-47DE-A086-E26384F75987}.Debug|Any CPU.Build.0 = Debug|Any CPU
		{B4A97693-FA89-47DE-A086-E26384F75987}.Release|Any CPU.ActiveCfg = Release|Any CPU
		{B4A97693-FA89-47DE-A086-E26384F75987}.Release|Any CPU.Build.0 = Release|Any CPU
		{C78F6063-4ADB-470D-B304-81A40C4FD608}.Debug|Any CPU.ActiveCfg = Debug|Any CPU
		{C78F6063-4ADB-470D-B304-81A40C4FD608}.Debug|Any CPU.Build.0 = Debug|Any CPU
		{C78F6063-4ADB-470D-B304-81A40C4FD608}.Release|Any CPU.ActiveCfg = Release|Any CPU
		{C78F6063-4ADB-470D-B304-81A40C4FD608}.Release|Any CPU.Build.0 = Release|Any CPU
		{BB6AE1CE-EFAD-4316-BD34-B4BCD196EA66}.Debug|Any CPU.ActiveCfg = Debug|Any CPU
		{BB6AE1CE-EFAD-4316-BD34-B4BCD196EA66}.Debug|Any CPU.Build.0 = Debug|Any CPU
		{BB6AE1CE-EFAD-4316-BD34-B4BCD196EA66}.Release|Any CPU.ActiveCfg = Release|Any CPU
		{BB6AE1CE-EFAD-4316-BD34-B4BCD196EA66}.Release|Any CPU.Build.0 = Release|Any CPU
	EndGlobalSection
	GlobalSection(SolutionProperties) = preSolution
		HideSolutionNode = FALSE
	EndGlobalSection
	GlobalSection(ExtensibilityGlobals) = postSolution
		SolutionGuid = {CE41947C-3AD4-4801-AE42-F0979E5345F1}
	EndGlobalSection
EndGlobal
